// !$*UTF8*$!
{
	archiveVersion = 1;
	classes = {
	};
	objectVersion = 50;
	objects = {

/* Begin PBXBuildFile section */
		E7DD61C7239FC5A500E43647 /* AppDelegate.swift in Sources */ = {isa = PBXBuildFile; fileRef = E7DD61C6239FC5A500E43647 /* AppDelegate.swift */; };
		E7DD61CE239FC5A600E43647 /* Assets.xcassets in Resources */ = {isa = PBXBuildFile; fileRef = E7DD61CD239FC5A600E43647 /* Assets.xcassets */; };
		E7DD61D1239FC5A600E43647 /* LaunchScreen.storyboard in Resources */ = {isa = PBXBuildFile; fileRef = E7DD61CF239FC5A600E43647 /* LaunchScreen.storyboard */; };
		E7DD61E2239FC6E000E43647 /* ApplicationAssembly.swift in Sources */ = {isa = PBXBuildFile; fileRef = E7DD61E1239FC6E000E43647 /* ApplicationAssembly.swift */; };
		E7DD61E4239FC87000E43647 /* PrefetchViewController.swift in Sources */ = {isa = PBXBuildFile; fileRef = E7DD61E3239FC87000E43647 /* PrefetchViewController.swift */; };
		E7DD61E7239FC8F600E43647 /* ApplicationRouter.swift in Sources */ = {isa = PBXBuildFile; fileRef = E7DD61E6239FC8F600E43647 /* ApplicationRouter.swift */; };
		E7DD61E9239FC98300E43647 /* ImageModel.swift in Sources */ = {isa = PBXBuildFile; fileRef = E7DD61E8239FC98300E43647 /* ImageModel.swift */; };
		E7DD61ED239FCC5100E43647 /* PrefetchAssembly.swift in Sources */ = {isa = PBXBuildFile; fileRef = E7DD61EC239FCC5100E43647 /* PrefetchAssembly.swift */; };
		E7DD61EF239FCCB000E43647 /* PrefetchPresenter.swift in Sources */ = {isa = PBXBuildFile; fileRef = E7DD61EE239FCCB000E43647 /* PrefetchPresenter.swift */; };
		E7DD61F3239FCD0A00E43647 /* PrefetchDataProvider.swift in Sources */ = {isa = PBXBuildFile; fileRef = E7DD61F2239FCD0A00E43647 /* PrefetchDataProvider.swift */; };
		E7DD61F5239FCD6900E43647 /* PrefetchProtocols.swift in Sources */ = {isa = PBXBuildFile; fileRef = E7DD61F4239FCD6900E43647 /* PrefetchProtocols.swift */; };
		E7DD61F9239FD07F00E43647 /* PrefetchCell.swift in Sources */ = {isa = PBXBuildFile; fileRef = E7DD61F8239FD07F00E43647 /* PrefetchCell.swift */; };
		E7DD6203239FF88600E43647 /* ImageService.swift in Sources */ = {isa = PBXBuildFile; fileRef = E7DD6202239FF88600E43647 /* ImageService.swift */; };
/* End PBXBuildFile section */

/* Begin PBXFileReference section */
		E7DD61C3239FC5A500E43647 /* PrefetchTableView.app */ = {isa = PBXFileReference; explicitFileType = wrapper.application; includeInIndex = 0; path = PrefetchTableView.app; sourceTree = BUILT_PRODUCTS_DIR; };
		E7DD61C6239FC5A500E43647 /* AppDelegate.swift */ = {isa = PBXFileReference; lastKnownFileType = sourcecode.swift; path = AppDelegate.swift; sourceTree = "<group>"; };
		E7DD61CD239FC5A600E43647 /* Assets.xcassets */ = {isa = PBXFileReference; lastKnownFileType = folder.assetcatalog; path = Assets.xcassets; sourceTree = "<group>"; };
		E7DD61D0239FC5A600E43647 /* Base */ = {isa = PBXFileReference; lastKnownFileType = file.storyboard; name = Base; path = Base.lproj/LaunchScreen.storyboard; sourceTree = "<group>"; };
		E7DD61D2239FC5A600E43647 /* Info.plist */ = {isa = PBXFileReference; lastKnownFileType = text.plist.xml; path = Info.plist; sourceTree = "<group>"; };
		E7DD61E1239FC6E000E43647 /* ApplicationAssembly.swift */ = {isa = PBXFileReference; lastKnownFileType = sourcecode.swift; path = ApplicationAssembly.swift; sourceTree = "<group>"; };
		E7DD61E3239FC87000E43647 /* PrefetchViewController.swift */ = {isa = PBXFileReference; lastKnownFileType = sourcecode.swift; path = PrefetchViewController.swift; sourceTree = "<group>"; };
		E7DD61E6239FC8F600E43647 /* ApplicationRouter.swift */ = {isa = PBXFileReference; lastKnownFileType = sourcecode.swift; path = ApplicationRouter.swift; sourceTree = "<group>"; };
		E7DD61E8239FC98300E43647 /* ImageModel.swift */ = {isa = PBXFileReference; lastKnownFileType = sourcecode.swift; path = ImageModel.swift; sourceTree = "<group>"; };
		E7DD61EC239FCC5100E43647 /* PrefetchAssembly.swift */ = {isa = PBXFileReference; lastKnownFileType = sourcecode.swift; path = PrefetchAssembly.swift; sourceTree = "<group>"; };
		E7DD61EE239FCCB000E43647 /* PrefetchPresenter.swift */ = {isa = PBXFileReference; lastKnownFileType = sourcecode.swift; path = PrefetchPresenter.swift; sourceTree = "<group>"; };
		E7DD61F2239FCD0A00E43647 /* PrefetchDataProvider.swift */ = {isa = PBXFileReference; lastKnownFileType = sourcecode.swift; path = PrefetchDataProvider.swift; sourceTree = "<group>"; };
		E7DD61F4239FCD6900E43647 /* PrefetchProtocols.swift */ = {isa = PBXFileReference; lastKnownFileType = sourcecode.swift; path = PrefetchProtocols.swift; sourceTree = "<group>"; };
		E7DD61F8239FD07F00E43647 /* PrefetchCell.swift */ = {isa = PBXFileReference; lastKnownFileType = sourcecode.swift; path = PrefetchCell.swift; sourceTree = "<group>"; };
		E7DD6202239FF88600E43647 /* ImageService.swift */ = {isa = PBXFileReference; lastKnownFileType = sourcecode.swift; path = ImageService.swift; sourceTree = "<group>"; };
/* End PBXFileReference section */

/* Begin PBXFrameworksBuildPhase section */
		E7DD61C0239FC5A500E43647 /* Frameworks */ = {
			isa = PBXFrameworksBuildPhase;
			buildActionMask = 2147483647;
			files = (
			);
			runOnlyForDeploymentPostprocessing = 0;
		};
/* End PBXFrameworksBuildPhase section */

/* Begin PBXGroup section */
		E7DD61BA239FC5A500E43647 = {
			isa = PBXGroup;
			children = (
				E7DD61C5239FC5A500E43647 /* PrefetchTableView */,
				E7DD61C4239FC5A500E43647 /* Products */,
			);
			sourceTree = "<group>";
		};
		E7DD61C4239FC5A500E43647 /* Products */ = {
			isa = PBXGroup;
			children = (
				E7DD61C3239FC5A500E43647 /* PrefetchTableView.app */,
			);
			name = Products;
			sourceTree = "<group>";
		};
		E7DD61C5239FC5A500E43647 /* PrefetchTableView */ = {
			isa = PBXGroup;
			children = (
				E7DD61D9239FC62C00E43647 /* Resources */,
				E7DD61D8239FC62800E43647 /* Sources */,
			);
			path = PrefetchTableView;
			sourceTree = "<group>";
		};
		E7DD61D8239FC62800E43647 /* Sources */ = {
			isa = PBXGroup;
			children = (
				E7DD61DB239FC65400E43647 /* Application layer */,
				E7DD61DA239FC64300E43647 /* Presentation layer */,
			);
			path = Sources;
			sourceTree = "<group>";
		};
		E7DD61D9239FC62C00E43647 /* Resources */ = {
			isa = PBXGroup;
			children = (
				E7DD61CD239FC5A600E43647 /* Assets.xcassets */,
				E7DD61CF239FC5A600E43647 /* LaunchScreen.storyboard */,
				E7DD61D2239FC5A600E43647 /* Info.plist */,
			);
			path = Resources;
			sourceTree = "<group>";
		};
		E7DD61DA239FC64300E43647 /* Presentation layer */ = {
			isa = PBXGroup;
			children = (
				E7DD620523A0D62900E43647 /* Modules */,
			);
			path = "Presentation layer";
			sourceTree = "<group>";
		};
		E7DD61DB239FC65400E43647 /* Application layer */ = {
			isa = PBXGroup;
			children = (
				E7DD620423A0D5FF00E43647 /* Application delegate */,
				E7DD61E5239FC8EB00E43647 /* Router */,
				E7DD61E0239FC6B300E43647 /* Assembly */,
			);
			path = "Application layer";
			sourceTree = "<group>";
		};
		E7DD61DD239FC67D00E43647 /* Model */ = {
			isa = PBXGroup;
			children = (
				E7DD61E8239FC98300E43647 /* ImageModel.swift */,
			);
			path = Model;
			sourceTree = "<group>";
		};
		E7DD61DE239FC68100E43647 /* View */ = {
			isa = PBXGroup;
			children = (
				E7DD61F6239FD05E00E43647 /* Cells */,
				E7DD61E3239FC87000E43647 /* PrefetchViewController.swift */,
			);
			path = View;
			sourceTree = "<group>";
		};
		E7DD61DF239FC68500E43647 /* Presenter */ = {
			isa = PBXGroup;
			children = (
				E7DD61EE239FCCB000E43647 /* PrefetchPresenter.swift */,
			);
			path = Presenter;
			sourceTree = "<group>";
		};
		E7DD61E0239FC6B300E43647 /* Assembly */ = {
			isa = PBXGroup;
			children = (
				E7DD61E1239FC6E000E43647 /* ApplicationAssembly.swift */,
			);
			path = Assembly;
			sourceTree = "<group>";
		};
		E7DD61E5239FC8EB00E43647 /* Router */ = {
			isa = PBXGroup;
			children = (
				E7DD61E6239FC8F600E43647 /* ApplicationRouter.swift */,
			);
			path = Router;
			sourceTree = "<group>";
		};
		E7DD61EA239FCC3300E43647 /* Assembly */ = {
			isa = PBXGroup;
			children = (
				E7DD61EC239FCC5100E43647 /* PrefetchAssembly.swift */,
			);
			path = Assembly;
			sourceTree = "<group>";
		};
		E7DD61F0239FCCBE00E43647 /* Protocols */ = {
			isa = PBXGroup;
			children = (
				E7DD61F4239FCD6900E43647 /* PrefetchProtocols.swift */,
			);
			path = Protocols;
			sourceTree = "<group>";
		};
		E7DD61F1239FCCFC00E43647 /* Data provider */ = {
			isa = PBXGroup;
			children = (
				E7DD61F2239FCD0A00E43647 /* PrefetchDataProvider.swift */,
			);
			path = "Data provider";
			sourceTree = "<group>";
		};
		E7DD61F6239FD05E00E43647 /* Cells */ = {
			isa = PBXGroup;
			children = (
				E7DD61F8239FD07F00E43647 /* PrefetchCell.swift */,
			);
			path = Cells;
			sourceTree = "<group>";
		};
		E7DD61FB239FD73400E43647 /* Services */ = {
			isa = PBXGroup;
			children = (
				E7DD6202239FF88600E43647 /* ImageService.swift */,
			);
			path = Services;
			sourceTree = "<group>";
		};
		E7DD620423A0D5FF00E43647 /* Application delegate */ = {
			isa = PBXGroup;
			children = (
				E7DD61C6239FC5A500E43647 /* AppDelegate.swift */,
			);
			path = "Application delegate";
			sourceTree = "<group>";
		};
		E7DD620523A0D62900E43647 /* Modules */ = {
			isa = PBXGroup;
			children = (
				E7DD620623A0D63500E43647 /* Main */,
			);
			path = Modules;
			sourceTree = "<group>";
		};
		E7DD620623A0D63500E43647 /* Main */ = {
			isa = PBXGroup;
			children = (
				E7DD61EA239FCC3300E43647 /* Assembly */,
				E7DD61DD239FC67D00E43647 /* Model */,
				E7DD61DE239FC68100E43647 /* View */,
				E7DD61DF239FC68500E43647 /* Presenter */,
				E7DD61F1239FCCFC00E43647 /* Data provider */,
				E7DD61FB239FD73400E43647 /* Services */,
				E7DD61F0239FCCBE00E43647 /* Protocols */,
			);
			path = Main;
			sourceTree = "<group>";
		};
/* End PBXGroup section */

/* Begin PBXNativeTarget section */
		E7DD61C2239FC5A500E43647 /* PrefetchTableView */ = {
			isa = PBXNativeTarget;
			buildConfigurationList = E7DD61D5239FC5A600E43647 /* Build configuration list for PBXNativeTarget "PrefetchTableView" */;
			buildPhases = (
				E7DD61BF239FC5A500E43647 /* Sources */,
				E7DD61C0239FC5A500E43647 /* Frameworks */,
				E7DD61C1239FC5A500E43647 /* Resources */,
			);
			buildRules = (
			);
			dependencies = (
			);
			name = PrefetchTableView;
			productName = PrefetchTableView;
			productReference = E7DD61C3239FC5A500E43647 /* PrefetchTableView.app */;
			productType = "com.apple.product-type.application";
		};
/* End PBXNativeTarget section */

/* Begin PBXProject section */
		E7DD61BB239FC5A500E43647 /* Project object */ = {
			isa = PBXProject;
			attributes = {
				LastSwiftUpdateCheck = 1020;
				LastUpgradeCheck = 1020;
				ORGANIZATIONNAME = Alan;
				TargetAttributes = {
					E7DD61C2239FC5A500E43647 = {
						CreatedOnToolsVersion = 10.2.1;
					};
				};
			};
			buildConfigurationList = E7DD61BE239FC5A500E43647 /* Build configuration list for PBXProject "PrefetchTableView" */;
			compatibilityVersion = "Xcode 9.3";
			developmentRegion = en;
			hasScannedForEncodings = 0;
			knownRegions = (
				en,
				Base,
			);
			mainGroup = E7DD61BA239FC5A500E43647;
			productRefGroup = E7DD61C4239FC5A500E43647 /* Products */;
			projectDirPath = "";
			projectRoot = "";
			targets = (
				E7DD61C2239FC5A500E43647 /* PrefetchTableView */,
			);
		};
/* End PBXProject section */

/* Begin PBXResourcesBuildPhase section */
		E7DD61C1239FC5A500E43647 /* Resources */ = {
			isa = PBXResourcesBuildPhase;
			buildActionMask = 2147483647;
			files = (
				E7DD61D1239FC5A600E43647 /* LaunchScreen.storyboard in Resources */,
				E7DD61CE239FC5A600E43647 /* Assets.xcassets in Resources */,
			);
			runOnlyForDeploymentPostprocessing = 0;
		};
/* End PBXResourcesBuildPhase section */

/* Begin PBXSourcesBuildPhase section */
		E7DD61BF239FC5A500E43647 /* Sources */ = {
			isa = PBXSourcesBuildPhase;
			buildActionMask = 2147483647;
			files = (
				E7DD61E2239FC6E000E43647 /* ApplicationAssembly.swift in Sources */,
				E7DD61E9239FC98300E43647 /* ImageModel.swift in Sources */,
				E7DD61ED239FCC5100E43647 /* PrefetchAssembly.swift in Sources */,
				E7DD61F3239FCD0A00E43647 /* PrefetchDataProvider.swift in Sources */,
				E7DD61F9239FD07F00E43647 /* PrefetchCell.swift in Sources */,
				E7DD61F5239FCD6900E43647 /* PrefetchProtocols.swift in Sources */,
				E7DD61E4239FC87000E43647 /* PrefetchViewController.swift in Sources */,
				E7DD61C7239FC5A500E43647 /* AppDelegate.swift in Sources */,
				E7DD6203239FF88600E43647 /* ImageService.swift in Sources */,
				E7DD61EF239FCCB000E43647 /* PrefetchPresenter.swift in Sources */,
				E7DD61E7239FC8F600E43647 /* ApplicationRouter.swift in Sources */,
			);
			runOnlyForDeploymentPostprocessing = 0;
		};
/* End PBXSourcesBuildPhase section */

/* Begin PBXVariantGroup section */
		E7DD61CF239FC5A600E43647 /* LaunchScreen.storyboard */ = {
			isa = PBXVariantGroup;
			children = (
				E7DD61D0239FC5A600E43647 /* Base */,
			);
			name = LaunchScreen.storyboard;
			sourceTree = "<group>";
		};
/* End PBXVariantGroup section */

/* Begin XCBuildConfiguration section */
		E7DD61D3239FC5A600E43647 /* Debug */ = {
			isa = XCBuildConfiguration;
			buildSettings = {
				ALWAYS_SEARCH_USER_PATHS = NO;
				CLANG_ANALYZER_NONNULL = YES;
				CLANG_ANALYZER_NUMBER_OBJECT_CONVERSION = YES_AGGRESSIVE;
				CLANG_CXX_LANGUAGE_STANDARD = "gnu++14";
				CLANG_CXX_LIBRARY = "libc++";
				CLANG_ENABLE_MODULES = YES;
				CLANG_ENABLE_OBJC_ARC = YES;
				CLANG_ENABLE_OBJC_WEAK = YES;
				CLANG_WARN_BLOCK_CAPTURE_AUTORELEASING = YES;
				CLANG_WARN_BOOL_CONVERSION = YES;
				CLANG_WARN_COMMA = YES;
				CLANG_WARN_CONSTANT_CONVERSION = YES;
				CLANG_WARN_DEPRECATED_OBJC_IMPLEMENTATIONS = YES;
				CLANG_WARN_DIRECT_OBJC_ISA_USAGE = YES_ERROR;
				CLANG_WARN_DOCUMENTATION_COMMENTS = YES;
				CLANG_WARN_EMPTY_BODY = YES;
				CLANG_WARN_ENUM_CONVERSION = YES;
				CLANG_WARN_INFINITE_RECURSION = YES;
				CLANG_WARN_INT_CONVERSION = YES;
				CLANG_WARN_NON_LITERAL_NULL_CONVERSION = YES;
				CLANG_WARN_OBJC_IMPLICIT_RETAIN_SELF = YES;
				CLANG_WARN_OBJC_LITERAL_CONVERSION = YES;
				CLANG_WARN_OBJC_ROOT_CLASS = YES_ERROR;
				CLANG_WARN_RANGE_LOOP_ANALYSIS = YES;
				CLANG_WARN_STRICT_PROTOTYPES = YES;
				CLANG_WARN_SUSPICIOUS_MOVE = YES;
				CLANG_WARN_UNGUARDED_AVAILABILITY = YES_AGGRESSIVE;
				CLANG_WARN_UNREACHABLE_CODE = YES;
				CLANG_WARN__DUPLICATE_METHOD_MATCH = YES;
				CODE_SIGN_IDENTITY = "iPhone Developer";
				COPY_PHASE_STRIP = NO;
				DEBUG_INFORMATION_FORMAT = dwarf;
				ENABLE_STRICT_OBJC_MSGSEND = YES;
				ENABLE_TESTABILITY = YES;
				GCC_C_LANGUAGE_STANDARD = gnu11;
				GCC_DYNAMIC_NO_PIC = NO;
				GCC_NO_COMMON_BLOCKS = YES;
				GCC_OPTIMIZATION_LEVEL = 0;
				GCC_PREPROCESSOR_DEFINITIONS = (
					"DEBUG=1",
					"$(inherited)",
				);
				GCC_WARN_64_TO_32_BIT_CONVERSION = YES;
				GCC_WARN_ABOUT_RETURN_TYPE = YES_ERROR;
				GCC_WARN_UNDECLARED_SELECTOR = YES;
				GCC_WARN_UNINITIALIZED_AUTOS = YES_AGGRESSIVE;
				GCC_WARN_UNUSED_FUNCTION = YES;
				GCC_WARN_UNUSED_VARIABLE = YES;
				IPHONEOS_DEPLOYMENT_TARGET = 12.2;
				MTL_ENABLE_DEBUG_INFO = INCLUDE_SOURCE;
				MTL_FAST_MATH = YES;
				ONLY_ACTIVE_ARCH = YES;
				SDKROOT = iphoneos;
				SWIFT_ACTIVE_COMPILATION_CONDITIONS = DEBUG;
				SWIFT_OPTIMIZATION_LEVEL = "-Onone";
			};
			name = Debug;
		};
		E7DD61D4239FC5A600E43647 /* Release */ = {
			isa = XCBuildConfiguration;
			buildSettings = {
				ALWAYS_SEARCH_USER_PATHS = NO;
				CLANG_ANALYZER_NONNULL = YES;
				CLANG_ANALYZER_NUMBER_OBJECT_CONVERSION = YES_AGGRESSIVE;
				CLANG_CXX_LANGUAGE_STANDARD = "gnu++14";
				CLANG_CXX_LIBRARY = "libc++";
				CLANG_ENABLE_MODULES = YES;
				CLANG_ENABLE_OBJC_ARC = YES;
				CLANG_ENABLE_OBJC_WEAK = YES;
				CLANG_WARN_BLOCK_CAPTURE_AUTORELEASING = YES;
				CLANG_WARN_BOOL_CONVERSION = YES;
				CLANG_WARN_COMMA = YES;
				CLANG_WARN_CONSTANT_CONVERSION = YES;
				CLANG_WARN_DEPRECATED_OBJC_IMPLEMENTATIONS = YES;
				CLANG_WARN_DIRECT_OBJC_ISA_USAGE = YES_ERROR;
				CLANG_WARN_DOCUMENTATION_COMMENTS = YES;
				CLANG_WARN_EMPTY_BODY = YES;
				CLANG_WARN_ENUM_CONVERSION = YES;
				CLANG_WARN_INFINITE_RECURSION = YES;
				CLANG_WARN_INT_CONVERSION = YES;
				CLANG_WARN_NON_LITERAL_NULL_CONVERSION = YES;
				CLANG_WARN_OBJC_IMPLICIT_RETAIN_SELF = YES;
				CLANG_WARN_OBJC_LITERAL_CONVERSION = YES;
				CLANG_WARN_OBJC_ROOT_CLASS = YES_ERROR;
				CLANG_WARN_RANGE_LOOP_ANALYSIS = YES;
				CLANG_WARN_STRICT_PROTOTYPES = YES;
				CLANG_WARN_SUSPICIOUS_MOVE = YES;
				CLANG_WARN_UNGUARDED_AVAILABILITY = YES_AGGRESSIVE;
				CLANG_WARN_UNREACHABLE_CODE = YES;
				CLANG_WARN__DUPLICATE_METHOD_MATCH = YES;
				CODE_SIGN_IDENTITY = "iPhone Developer";
				COPY_PHASE_STRIP = NO;
				DEBUG_INFORMATION_FORMAT = "dwarf-with-dsym";
				ENABLE_NS_ASSERTIONS = NO;
				ENABLE_STRICT_OBJC_MSGSEND = YES;
				GCC_C_LANGUAGE_STANDARD = gnu11;
				GCC_NO_COMMON_BLOCKS = YES;
				GCC_WARN_64_TO_32_BIT_CONVERSION = YES;
				GCC_WARN_ABOUT_RETURN_TYPE = YES_ERROR;
				GCC_WARN_UNDECLARED_SELECTOR = YES;
				GCC_WARN_UNINITIALIZED_AUTOS = YES_AGGRESSIVE;
				GCC_WARN_UNUSED_FUNCTION = YES;
				GCC_WARN_UNUSED_VARIABLE = YES;
				IPHONEOS_DEPLOYMENT_TARGET = 12.2;
				MTL_ENABLE_DEBUG_INFO = NO;
				MTL_FAST_MATH = YES;
				SDKROOT = iphoneos;
				SWIFT_COMPILATION_MODE = wholemodule;
				SWIFT_OPTIMIZATION_LEVEL = "-O";
				VALIDATE_PRODUCT = YES;
			};
			name = Release;
		};
		E7DD61D6239FC5A600E43647 /* Debug */ = {
			isa = XCBuildConfiguration;
			buildSettings = {
				ASSETCATALOG_COMPILER_APPICON_NAME = AppIcon;
				CODE_SIGN_STYLE = Automatic;
				DEVELOPMENT_TEAM = FNS26Z4CQT;
				INFOPLIST_FILE = "$(SRCROOT)/PrefetchTableView/Resources/Info.plist";
				IPHONEOS_DEPLOYMENT_TARGET = 12.0;
				LD_RUNPATH_SEARCH_PATHS = (
					"$(inherited)",
					"@executable_path/Frameworks",
				);
				PRODUCT_BUNDLE_IDENTIFIER = com.example.PrefetchTableView;
				PRODUCT_NAME = "$(TARGET_NAME)";
				SWIFT_VERSION = 5.0;
				TARGETED_DEVICE_FAMILY = "1,2";
			};
			name = Debug;
		};
		E7DD61D7239FC5A600E43647 /* Release */ = {
			isa = XCBuildConfiguration;
			buildSettings = {
				ASSETCATALOG_COMPILER_APPICON_NAME = AppIcon;
				CODE_SIGN_STYLE = Automatic;
				DEVELOPMENT_TEAM = FNS26Z4CQT;
				INFOPLIST_FILE = "$(SRCROOT)/PrefetchTableView/Resources/Info.plist";
				IPHONEOS_DEPLOYMENT_TARGET = 12.0;
				LD_RUNPATH_SEARCH_PATHS = (
					"$(inherited)",
					"@executable_path/Frameworks",
				);
				PRODUCT_BUNDLE_IDENTIFIER = com.example.PrefetchTableView;
				PRODUCT_NAME = "$(TARGET_NAME)";
				SWIFT_VERSION = 5.0;
				TARGETED_DEVICE_FAMILY = "1,2";
			};
			name = Release;
		};
/* End XCBuildConfiguration section */

/* Begin XCConfigurationList section */
		E7DD61BE239FC5A500E43647 /* Build configuration list for PBXProject "PrefetchTableView" */ = {
			isa = XCConfigurationList;
			buildConfigurations = (
				E7DD61D3239FC5A600E43647 /* Debug */,
				E7DD61D4239FC5A600E43647 /* Release */,
			);
			defaultConfigurationIsVisible = 0;
			defaultConfigurationName = Release;
		};
		E7DD61D5239FC5A600E43647 /* Build configuration list for PBXNativeTarget "PrefetchTableView" */ = {
			isa = XCConfigurationList;
			buildConfigurations = (
				E7DD61D6239FC5A600E43647 /* Debug */,
				E7DD61D7239FC5A600E43647 /* Release */,
			);
			defaultConfigurationIsVisible = 0;
			defaultConfigurationName = Release;
		};
/* End XCConfigurationList section */
	};
	rootObject = E7DD61BB239FC5A500E43647 /* Project object */;
}
